
Microsoft Visual Studio Solution File, Format Version 12.00
# Visual Studio Version 17
VisualStudioVersion = 17.6.33617.297
MinimumVisualStudioVersion = 10.0.40219.1
Project("{2150E333-8FDC-42A3-9474-1A3956D46DE8}") = "解决方案项", "解决方案项", "{709A8FE1-4BE9-4A1F-8D9D-C85B451DD4AF}"
	ProjectSection(SolutionItems) = preProject
		GlobalCompileSettings.Targets = GlobalCompileSettings.Targets
	EndProjectSection
EndProject
Project("{9A19103F-16F7-4668-BE54-9A1E7A4F7556}") = "Tiny.Toolkits", "Tiny.Toolkits\Tiny.Toolkits.csproj", "{0CED9C86-B274-4857-81B4-81F0D70E453A}"
EndProject
Project("{9A19103F-16F7-4668-BE54-9A1E7A4F7556}") = "Tiny.Toolkits.Wpf", "Tiny.Toolkits.Wpf\Tiny.Toolkits.Wpf.csproj", "{7D27AA2E-FFF6-401B-A187-48B100E76CDE}"
EndProject
Project("{9A19103F-16F7-4668-BE54-9A1E7A4F7556}") = "WpfApp1.Test", "WpfApp1.Test\WpfApp1.Test.csproj", "{5F93F74A-450C-41EE-B1C1-268F593C3C04}"
EndProject
Project("{9A19103F-16F7-4668-BE54-9A1E7A4F7556}") = "ConsoleApp1", "ConsoleApp1\ConsoleApp1.csproj", "{6CE5E333-39BF-4780-A4AE-39AEE55E3050}"
EndProject
Project("{9A19103F-16F7-4668-BE54-9A1E7A4F7556}") = "Tiny.Toolkits.WpfTests", "Tiny.Toolkits.WpfTests\Tiny.Toolkits.WpfTests.csproj", "{A775315D-3A40-4E08-8C8E-E556533C861B}"
EndProject
Project("{9A19103F-16F7-4668-BE54-9A1E7A4F7556}") = "Tiny.ToolkitsTests", "Tiny.ToolkitsTests\Tiny.ToolkitsTests.csproj", "{7BE8EF2D-3E19-457F-943C-157AE88E990F}"
EndProject
Project("{9A19103F-16F7-4668-BE54-9A1E7A4F7556}") = "Tiny.Toolkits.Android", "Tiny.Toolkits.Android\Tiny.Toolkits.Android.csproj", "{7C2C572E-05B9-4F6A-AB94-266FC00BA4B3}"
EndProject
Global
	GlobalSection(SolutionConfigurationPlatforms) = preSolution
		Debug|Any CPU = Debug|Any CPU
		Release|Any CPU = Release|Any CPU
	EndGlobalSection
	GlobalSection(ProjectConfigurationPlatforms) = postSolution
		{0CED9C86-B274-4857-81B4-81F0D70E453A}.Debug|Any CPU.ActiveCfg = Debug|Any CPU
		{0CED9C86-B274-4857-81B4-81F0D70E453A}.Debug|Any CPU.Build.0 = Debug|Any CPU
		{0CED9C86-B274-4857-81B4-81F0D70E453A}.Release|Any CPU.ActiveCfg = Release|Any CPU
		{0CED9C86-B274-4857-81B4-81F0D70E453A}.Release|Any CPU.Build.0 = Release|Any CPU
		{7D27AA2E-FFF6-401B-A187-48B100E76CDE}.Debug|Any CPU.ActiveCfg = Debug|Any CPU
		{7D27AA2E-FFF6-401B-A187-48B100E76CDE}.Debug|Any CPU.Build.0 = Debug|Any CPU
		{7D27AA2E-FFF6-401B-A187-48B100E76CDE}.Release|Any CPU.ActiveCfg = Release|Any CPU
		{7D27AA2E-FFF6-401B-A187-48B100E76CDE}.Release|Any CPU.Build.0 = Release|Any CPU
		{5F93F74A-450C-41EE-B1C1-268F593C3C04}.Debug|Any CPU.ActiveCfg = Debug|Any CPU
		{5F93F74A-450C-41EE-B1C1-268F593C3C04}.Debug|Any CPU.Build.0 = Debug|Any CPU
		{5F93F74A-450C-41EE-B1C1-268F593C3C04}.Release|Any CPU.ActiveCfg = Release|Any CPU
		{5F93F74A-450C-41EE-B1C1-268F593C3C04}.Release|Any CPU.Build.0 = Release|Any CPU
		{6CE5E333-39BF-4780-A4AE-39AEE55E3050}.Debug|Any CPU.ActiveCfg = Debug|Any CPU
		{6CE5E333-39BF-4780-A4AE-39AEE55E3050}.Debug|Any CPU.Build.0 = Debug|Any CPU
		{6CE5E333-39BF-4780-A4AE-39AEE55E3050}.Release|Any CPU.ActiveCfg = Release|Any CPU
		{6CE5E333-39BF-4780-A4AE-39AEE55E3050}.Release|Any CPU.Build.0 = Release|Any CPU
		{A775315D-3A40-4E08-8C8E-E556533C861B}.Debug|Any CPU.ActiveCfg = Debug|Any CPU
		{A775315D-3A40-4E08-8C8E-E556533C861B}.Debug|Any CPU.Build.0 = Debug|Any CPU
		{A775315D-3A40-4E08-8C8E-E556533C861B}.Release|Any CPU.ActiveCfg = Release|Any CPU
		{A775315D-3A40-4E08-8C8E-E556533C861B}.Release|Any CPU.Build.0 = Release|Any CPU
		{7BE8EF2D-3E19-457F-943C-157AE88E990F}.Debug|Any CPU.ActiveCfg = Debug|Any CPU
		{7BE8EF2D-3E19-457F-943C-157AE88E990F}.Debug|Any CPU.Build.0 = Debug|Any CPU
		{7BE8EF2D-3E19-457F-943C-157AE88E990F}.Release|Any CPU.ActiveCfg = Release|Any CPU
		{7BE8EF2D-3E19-457F-943C-157AE88E990F}.Release|Any CPU.Build.0 = Release|Any CPU
		{7C2C572E-05B9-4F6A-AB94-266FC00BA4B3}.Debug|Any CPU.ActiveCfg = Debug|Any CPU
		{7C2C572E-05B9-4F6A-AB94-266FC00BA4B3}.Debug|Any CPU.Build.0 = Debug|Any CPU
		{7C2C572E-05B9-4F6A-AB94-266FC00BA4B3}.Release|Any CPU.ActiveCfg = Release|Any CPU
		{7C2C572E-05B9-4F6A-AB94-266FC00BA4B3}.Release|Any CPU.Build.0 = Release|Any CPU
	EndGlobalSection
	GlobalSection(SolutionProperties) = preSolution
		HideSolutionNode = FALSE
	EndGlobalSection
	GlobalSection(ExtensibilityGlobals) = postSolution
		SolutionGuid = {A347F4E5-1D88-492A-89E5-1CB7D232134B}
	EndGlobalSection
EndGlobal
